{
  "object": {
    "pins": [
      {
        "package": "AdventKit",
        "repositoryURL": "https://github.com/multitudes/AdventKit.git",
        "state": {
          "branch": null,
          "revision": "85641f75019f256e89e2cef3db106450e1b288b1",
          "version": "0.5.4"
        }
      },
      {
        "package": "swift-argument-parser",
        "repositoryURL": "https://github.com/apple/swift-argument-parser.git",
        "state": {
          "branch": null,
          "revision": "92646c0cdbaca076c8d3d0207891785b3379cbff",
          "version": "0.3.1"
        }
      }
    ]
  },
  "version": 1
}
